// !$*UTF8*$!
{
	archiveVersion = 1;
	classes = {
	};
	objectVersion = 56;
	objects = {

/* Begin PBXBuildFile section */
		A1234567890123456789012A /* TaquillaApp.swift in Sources */ = {isa = PBXBuildFile; fileRef = A1234567890123456789012B /* TaquillaApp.swift */; };
		A1234567890123456789012C /* ContentView.swift in Sources */ = {isa = PBXBuildFile; fileRef = A1234567890123456789012D /* ContentView.swift */; };
		A1234567890123456789012E /* PhotoEditorView.swift in Sources */ = {isa = PBXBuildFile; fileRef = A1234567890123456789012F /* PhotoEditorView.swift */; };
		A1234567890123456789012G /* Models.swift in Sources */ = {isa = PBXBuildFile; fileRef = A1234567890123456789012H /* Models.swift */; };
		A1234567890123456789012I /* ImagePicker.swift in Sources */ = {isa = PBXBuildFile; fileRef = A1234567890123456789012J /* ImagePicker.swift */; };
		A1234567890123456789012K /* TextEditorView.swift in Sources */ = {isa = PBXBuildFile; fileRef = A1234567890123456789012L /* TextEditorView.swift */; };
		A1234567890123456789012M /* FilterPreviewView.swift in Sources */ = {isa = PBXBuildFile; fileRef = A1234567890123456789012N /* FilterPreviewView.swift */; };
		A1234567890123456789012O /* CollageView.swift in Sources */ = {isa = PBXBuildFile; fileRef = A1234567890123456789012P /* CollageView.swift */; };
		A1234567890123456789012Q /* GalleryView.swift in Sources */ = {isa = PBXBuildFile; fileRef = A1234567890123456789012R /* GalleryView.swift */; };
		A1234567890123456789012S /* Assets.xcassets in Resources */ = {isa = PBXBuildFile; fileRef = A1234567890123456789012T /* Assets.xcassets */; };
		A1234567890123456789012U /* Preview Assets.xcassets in Resources */ = {isa = PBXBuildFile; fileRef = A1234567890123456789012V /* Preview Assets.xcassets */; };
		C089BC7595AE4B4AB79A4C35 /* dogicapixel.otf in Resources */ = {isa = PBXBuildFile; fileRef = 36524D2D9006496D8F66ECAD /* dogicapixel.otf */; };
		40D88F39A87646709F9D2882 /* dogicapixelbold.otf in Resources */ = {isa = PBXBuildFile; fileRef = B3DCD088889D438EB72D3DD5 /* dogicapixelbold.otf */; };
		9E696578603546F6A51F992E /* Retrock.ttf in Resources */ = {isa = PBXBuildFile; fileRef = 0AE971CAB44940BCB1EBE60E /* Retrock.ttf */; };
		C7194DAE43DF44BBAA900E87 /* Returns.ttf in Resources */ = {isa = PBXBuildFile; fileRef = 07E607A25647417B984A7D76 /* Returns.ttf */; };
/* End PBXBuildFile section */

/* Begin PBXFileReference section */
		A1234567890123456789012B /* TaquillaApp.swift */ = {isa = PBXFileReference; lastKnownFileType = sourcecode.swift; path = TaquillaApp.swift; sourceTree = "<group>"; };
		A1234567890123456789012D /* ContentView.swift */ = {isa = PBXFileReference; lastKnownFileType = sourcecode.swift; path = ContentView.swift; sourceTree = "<group>"; };
		A1234567890123456789012F /* PhotoEditorView.swift */ = {isa = PBXFileReference; lastKnownFileType = sourcecode.swift; path = PhotoEditorView.swift; sourceTree = "<group>"; };
		A1234567890123456789012H /* Models.swift */ = {isa = PBXFileReference; lastKnownFileType = sourcecode.swift; path = Models.swift; sourceTree = "<group>"; };
		A1234567890123456789012J /* ImagePicker.swift */ = {isa = PBXFileReference; lastKnownFileType = sourcecode.swift; path = ImagePicker.swift; sourceTree = "<group>"; };
		A1234567890123456789012L /* TextEditorView.swift */ = {isa = PBXFileReference; lastKnownFileType = sourcecode.swift; path = TextEditorView.swift; sourceTree = "<group>"; };
		A1234567890123456789012N /* FilterPreviewView.swift */ = {isa = PBXFileReference; lastKnownFileType = sourcecode.swift; path = FilterPreviewView.swift; sourceTree = "<group>"; };
		A1234567890123456789012P /* CollageView.swift */ = {isa = PBXFileReference; lastKnownFileType = sourcecode.swift; path = CollageView.swift; sourceTree = "<group>"; };
		A1234567890123456789012R /* GalleryView.swift */ = {isa = PBXFileReference; lastKnownFileType = sourcecode.swift; path = GalleryView.swift; sourceTree = "<group>"; };
		A1234567890123456789012T /* Assets.xcassets */ = {isa = PBXFileReference; lastKnownFileType = folder.assetcatalog; path = Assets.xcassets; sourceTree = "<group>"; };
		A1234567890123456789012V /* Preview Assets.xcassets */ = {isa = PBXFileReference; lastKnownFileType = folder.assetcatalog; path = "Preview Assets.xcassets"; sourceTree = "<group>"; };
		A1234567890123456789012W /* Taquilla.app */ = {isa = PBXFileReference; explicitFileType = wrapper.application; includeInIndex = 0; path = Taquilla.app; sourceTree = BUILT_PRODUCTS_DIR; };
		A1234567890123456789012X /* Info.plist */ = {isa = PBXFileReference; lastKnownFileType = text.plist.xml; path = Info.plist; sourceTree = "<group>"; };
		36524D2D9006496D8F66ECAD /* dogicapixel.otf */ = {isa = PBXFileReference; lastKnownFileType = file; path = Resources/dogicapixel.otf; sourceTree = "<group>"; };
		B3DCD088889D438EB72D3DD5 /* dogicapixelbold.otf */ = {isa = PBXFileReference; lastKnownFileType = file; path = Resources/dogicapixelbold.otf; sourceTree = "<group>"; };
		0AE971CAB44940BCB1EBE60E /* Retrock.ttf */ = {isa = PBXFileReference; lastKnownFileType = file; path = Resources/Retrock.ttf; sourceTree = "<group>"; };
		07E607A25647417B984A7D76 /* Returns.ttf */ = {isa = PBXFileReference; lastKnownFileType = file; path = Resources/Returns.ttf; sourceTree = "<group>"; };
/* End PBXFileReference section */

/* Begin PBXFrameworksBuildPhase section */
		A1234567890123456789012Y /* Frameworks */ = {
			isa = PBXFrameworksBuildPhase;
			buildActionMask = 2147483647;
			files = (
			);
			runOnlyForDeploymentPostprocessing = 0;
		};
/* End PBXFrameworksBuildPhase section */

/* Begin PBXGroup section */
		A1234567890123456789012AA /* Preview Content */ = {
			isa = PBXGroup;
			children = (
				A1234567890123456789012V /* Preview Assets.xcassets */,
			);
			path = "Preview Content";
			sourceTree = "<group>";
		};
		A1234567890123456789012AB = {
			isa = PBXGroup;
			children = (
				A1234567890123456789012Z /* Taquilla */,
				A1234567890123456789012AC /* Products */,
			);
			sourceTree = "<group>";
		};
		A1234567890123456789012AC /* Products */ = {
			isa = PBXGroup;
			children = (
				A1234567890123456789012W /* Taquilla.app */,
			);
			name = Products;
			sourceTree = "<group>";
		};
		A1234567890123456789012Z /* Taquilla */ = {
			isa = PBXGroup;
			children = (
				A1234567890123456789012B /* TaquillaApp.swift */,
				A1234567890123456789012D /* ContentView.swift */,
				A1234567890123456789012F /* PhotoEditorView.swift */,
				A1234567890123456789012H /* Models.swift */,
				A1234567890123456789012J /* ImagePicker.swift */,
				A1234567890123456789012L /* TextEditorView.swift */,
				A1234567890123456789012N /* FilterPreviewView.swift */,
				A1234567890123456789012P /* CollageView.swift */,
				A1234567890123456789012R /* GalleryView.swift */,
				A1234567890123456789012T /* Assets.xcassets */,
				A1234567890123456789012X /* Info.plist */,
				A1234567890123456789012AA /* Preview Content */,
				36524D2D9006496D8F66ECAD /* dogicapixel.otf */,
				B3DCD088889D438EB72D3DD5 /* dogicapixelbold.otf */,
				0AE971CAB44940BCB1EBE60E /* Retrock.ttf */,
				07E607A25647417B984A7D76 /* Returns.ttf */,
			);
			path = Taquilla;
			sourceTree = "<group>";
		};
/* End PBXGroup section */

/* Begin PBXNativeTarget section */
		A1234567890123456789012AD /* Taquilla */ = {
			isa = PBXNativeTarget;
			buildConfigurationList = A1234567890123456789012AE /* Build configuration list for PBXNativeTarget "Taquilla" */;
			buildPhases = (
				A1234567890123456789012AF /* Sources */,
				A1234567890123456789012Y /* Frameworks */,
				A1234567890123456789012AG /* Resources */,
			);
			buildRules = (
			);
			dependencies = (
			);
			name = Taquilla;
			productName = Taquilla;
			productReference = A1234567890123456789012W /* Taquilla.app */;
			productType = "com.apple.product-type.application";
		};
/* End PBXNativeTarget section */

/* Begin PBXProject section */
		A1234567890123456789012AH /* Project object */ = {
			isa = PBXProject;
			attributes = {
				BuildIndependentTargetsInParallel = 1;
				LastSwiftUpdateCheck = 1500;
				LastUpgradeCheck = 1500;
				TargetAttributes = {
					A1234567890123456789012AD = {
						CreatedOnToolsVersion = 15.0;
					};
				};
			};
			buildConfigurationList = A1234567890123456789012AI /* Build configuration list for PBXProject "Taquilla" */;
			compatibilityVersion = "Xcode 14.0";
			developmentRegion = en;
			hasScannedForEncodings = 0;
			knownRegions = (
				en,
				Base,
			);
			mainGroup = A1234567890123456789012AB;
			productRefGroup = A1234567890123456789012AC /* Products */;
			projectDirPath = "";
			projectRoot = "";
			targets = (
				A1234567890123456789012AD /* Taquilla */,
			);
		};
/* End PBXProject section */

/* Begin PBXResourcesBuildPhase section */
		A1234567890123456789012AG /* Resources */ = {
			isa = PBXResourcesBuildPhase;
			buildActionMask = 2147483647;
			files = (
				A1234567890123456789012U /* Preview Assets.xcassets in Resources */,
				A1234567890123456789012S /* Assets.xcassets in Resources */,
				C089BC7595AE4B4AB79A4C35 /* dogicapixel.otf in Resources */,
				40D88F39A87646709F9D2882 /* dogicapixelbold.otf in Resources */,
				9E696578603546F6A51F992E /* Retrock.ttf in Resources */,
				C7194DAE43DF44BBAA900E87 /* Returns.ttf in Resources */,
			);
			runOnlyForDeploymentPostprocessing = 0;
		};
/* End PBXResourcesBuildPhase section */

/* Begin PBXSourcesBuildPhase section */
		A1234567890123456789012AF /* Sources */ = {
			isa = PBXSourcesBuildPhase;
			buildActionMask = 2147483647;
			files = (
				A1234567890123456789012C /* ContentView.swift in Sources */,
				A1234567890123456789012E /* PhotoEditorView.swift in Sources */,
				A1234567890123456789012G /* Models.swift in Sources */,
				A1234567890123456789012I /* ImagePicker.swift in Sources */,
				A1234567890123456789012K /* TextEditorView.swift in Sources */,
				A1234567890123456789012M /* FilterPreviewView.swift in Sources */,
				A1234567890123456789012O /* CollageView.swift in Sources */,
				A1234567890123456789012Q /* GalleryView.swift in Sources */,
				A1234567890123456789012A /* TaquillaApp.swift in Sources */,
			);
			runOnlyForDeploymentPostprocessing = 0;
		};
/* End PBXSourcesBuildPhase section */

/* Begin XCBuildConfiguration section */
		A1234567890123456789012AJ /* Debug */ = {
			isa = XCBuildConfiguration;
			buildSettings = {
				ALWAYS_SEARCH_USER_PATHS = NO;
				ASSETCATALOG_COMPILER_GENERATE_SWIFT_ASSET_SYMBOL_EXTENSIONS = YES;
				CLANG_ANALYZER_NONNULL = YES;
				CLANG_ANALYZER_NUMBER_OBJECT_CONVERSION = YES_AGGRESSIVE;
				CLANG_CXX_LANGUAGE_STANDARD = "gnu++20";
				CLANG_ENABLE_MODULES = YES;
				CLANG_ENABLE_OBJC_ARC = YES;
				CLANG_ENABLE_OBJC_WEAK = YES;
				CLANG_WARN_BLOCK_CAPTURE_AUTORELEASING = YES;
				CLANG_WARN_BOOL_CONVERSION = YES;
				CLANG_WARN_COMMA = YES;
				CLANG_WARN_CONSTANT_CONVERSION = YES;
				CLANG_WARN_DEPRECATED_OBJC_IMPLEMENTATIONS = YES;
				CLANG_WARN_DIRECT_OBJC_ISA_USAGE = YES_ERROR;
				CLANG_WARN_DOCUMENTATION_COMMENTS = YES;
				CLANG_WARN_EMPTY_BODY = YES;
				CLANG_WARN_ENUM_CONVERSION = YES;
				CLANG_WARN_INFINITE_RECURSION = YES;
				CLANG_WARN_INT_CONVERSION = YES;
				CLANG_WARN_NON_LITERAL_NULL_CONVERSION = YES;
				CLANG_WARN_OBJC_IMPLICIT_RETAIN_SELF = YES;
				CLANG_WARN_OBJC_LITERAL_CONVERSION = YES;
				CLANG_WARN_OBJC_ROOT_CLASS = YES_ERROR;
				CLANG_WARN_QUOTED_INCLUDE_IN_FRAMEWORK_HEADER = YES;
				CLANG_WARN_RANGE_LOOP_ANALYSIS = YES;
				CLANG_WARN_STRICT_PROTOTYPES = YES;
				CLANG_WARN_SUSPICIOUS_MOVE = YES;
				CLANG_WARN_UNGUARDED_AVAILABILITY = YES_AGGRESSIVE;
				CLANG_WARN_UNREACHABLE_CODE = YES;
				CLANG_WARN__DUPLICATE_METHOD_MATCH = YES;
				COPY_PHASE_STRIP = NO;
				DEBUG_INFORMATION_FORMAT = dwarf;
				ENABLE_STRICT_OBJC_MSGSEND = YES;
				ENABLE_TESTABILITY = YES;
				ENABLE_USER_SCRIPT_SANDBOXING = YES;
				GCC_C_LANGUAGE_STANDARD = gnu17;
				GCC_DYNAMIC_NO_PIC = NO;
				GCC_NO_COMMON_BLOCKS = YES;
				GCC_OPTIMIZATION_LEVEL = 0;
				GCC_PREPROCESSOR_DEFINITIONS = (
					"DEBUG=1",
					"$(inherited)",
				);
				GCC_WARN_64_TO_32_BIT_CONVERSION = YES;
				GCC_WARN_ABOUT_RETURN_TYPE = YES_ERROR;
				GCC_WARN_UNDECLARED_SELECTOR = YES;
				GCC_WARN_UNINITIALIZED_AUTOS = YES_AGGRESSIVE;
				GCC_WARN_UNUSED_FUNCTION = YES;
				GCC_WARN_UNUSED_VARIABLE = YES;
				IPHONEOS_DEPLOYMENT_TARGET = 17.0;
				LOCALIZATION_PREFERS_STRING_CATALOGS = YES;
				MTL_ENABLE_DEBUG_INFO = INCLUDE_SOURCE;
				MTL_FAST_MATH = YES;
				ONLY_ACTIVE_ARCH = YES;
				SDKROOT = iphoneos;
				SWIFT_ACTIVE_COMPILATION_CONDITIONS = "DEBUG $(inherited)";
				SWIFT_OPTIMIZATION_LEVEL = "-Onone";
			};
			name = Debug;
		};
		A1234567890123456789012AK /* Release */ = {
			isa = XCBuildConfiguration;
			buildSettings = {
				ALWAYS_SEARCH_USER_PATHS = NO;
				ASSETCATALOG_COMPILER_GENERATE_SWIFT_ASSET_SYMBOL_EXTENSIONS = YES;
				CLANG_ANALYZER_NONNULL = YES;
				CLANG_ANALYZER_NUMBER_OBJECT_CONVERSION = YES_AGGRESSIVE;
				CLANG_CXX_LANGUAGE_STANDARD = "gnu++20";
				CLANG_ENABLE_MODULES = YES;
				CLANG_ENABLE_OBJC_ARC = YES;
				CLANG_ENABLE_OBJC_WEAK = YES;
				CLANG_WARN_BLOCK_CAPTURE_AUTORELEASING = YES;
				CLANG_WARN_BOOL_CONVERSION = YES;
				CLANG_WARN_COMMA = YES;
				CLANG_WARN_CONSTANT_CONVERSION = YES;
				CLANG_WARN_DEPRECATED_OBJC_IMPLEMENTATIONS = YES;
				CLANG_WARN_DIRECT_OBJC_ISA_USAGE = YES_ERROR;
				CLANG_WARN_DOCUMENTATION_COMMENTS = YES;
				CLANG_WARN_EMPTY_BODY = YES;
				CLANG_WARN_ENUM_CONVERSION = YES;
				CLANG_WARN_INFINITE_RECURSION = YES;
				CLANG_WARN_INT_CONVERSION = YES;
				CLANG_WARN_NON_LITERAL_NULL_CONVERSION = YES;
				CLANG_WARN_OBJC_IMPLICIT_RETAIN_SELF = YES;
				CLANG_WARN_OBJC_LITERAL_CONVERSION = YES;
				CLANG_WARN_OBJC_ROOT_CLASS = YES_ERROR;
				CLANG_WARN_QUOTED_INCLUDE_IN_FRAMEWORK_HEADER = YES;
				CLANG_WARN_RANGE_LOOP_ANALYSIS = YES;
				CLANG_WARN_STRICT_PROTOTYPES = YES;
				CLANG_WARN_SUSPICIOUS_MOVE = YES;
				CLANG_WARN_UNGUARDED_AVAILABILITY = YES_AGGRESSIVE;
				CLANG_WARN_UNREACHABLE_CODE = YES;
				CLANG_WARN__DUPLICATE_METHOD_MATCH = YES;
				COPY_PHASE_STRIP = NO;
				DEBUG_INFORMATION_FORMAT = "dwarf-with-dsym";
				ENABLE_NS_ASSERTIONS = NO;
				ENABLE_STRICT_OBJC_MSGSEND = YES;
				ENABLE_USER_SCRIPT_SANDBOXING = YES;
				GCC_C_LANGUAGE_STANDARD = gnu17;
				GCC_NO_COMMON_BLOCKS = YES;
				GCC_WARN_64_TO_32_BIT_CONVERSION = YES;
				GCC_WARN_ABOUT_RETURN_TYPE = YES_ERROR;
				GCC_WARN_UNDECLARED_SELECTOR = YES;
				GCC_WARN_UNINITIALIZED_AUTOS = YES_AGGRESSIVE;
				GCC_WARN_UNUSED_FUNCTION = YES;
				GCC_WARN_UNUSED_VARIABLE = YES;
				IPHONEOS_DEPLOYMENT_TARGET = 17.0;
				LOCALIZATION_PREFERS_STRING_CATALOGS = YES;
				MTL_ENABLE_DEBUG_INFO = NO;
				MTL_FAST_MATH = YES;
				SDKROOT = iphoneos;
				SWIFT_COMPILATION_MODE = wholemodule;
				VALIDATE_PRODUCT = YES;
			};
			name = Release;
		};
		A1234567890123456789012AL /* Debug */ = {
			isa = XCBuildConfiguration;
			buildSettings = {
				ASSETCATALOG_COMPILER_APPICON_NAME = AppIcon;
				ASSETCATALOG_COMPILER_GLOBAL_ACCENT_COLOR_NAME = AccentColor;
				CODE_SIGN_STYLE = Automatic;
				CURRENT_PROJECT_VERSION = 1;
				DEVELOPMENT_ASSET_PATHS = "\"Taquilla/Preview Content\"";
				DEVELOPMENT_TEAM = 8HK4MPK2M3;
				ENABLE_PREVIEWS = YES;
				GENERATE_INFOPLIST_FILE = YES;
				INFOPLIST_FILE = Taquilla/Info.plist;
				INFOPLIST_KEY_UIApplicationSceneManifest_Generation = YES;
				INFOPLIST_KEY_UIApplicationSupportsIndirectInputEvents = YES;
				INFOPLIST_KEY_UILaunchScreen_Generation = YES;
				INFOPLIST_KEY_UISupportedInterfaceOrientations_iPad = "UIInterfaceOrientationPortrait UIInterfaceOrientationPortraitUpsideDown UIInterfaceOrientationLandscapeLeft UIInterfaceOrientationLandscapeRight";
				INFOPLIST_KEY_UISupportedInterfaceOrientations_iPhone = "UIInterfaceOrientationPortrait UIInterfaceOrientationLandscapeLeft UIInterfaceOrientationLandscapeRight";
				LD_RUNPATH_SEARCH_PATHS = (
					"$(inherited)",
					"@executable_path/Frameworks",
				);
				MARKETING_VERSION = 1.0;
				PRODUCT_BUNDLE_IDENTIFIER = com.taquilla.app;
				PRODUCT_NAME = "$(TARGET_NAME)";
				SWIFT_EMIT_LOC_STRINGS = YES;
				SWIFT_VERSION = 5.0;
				TARGETED_DEVICE_FAMILY = "1,2";
			};
			name = Debug;
		};
		A1234567890123456789012AM /* Release */ = {
			isa = XCBuildConfiguration;
			buildSettings = {
				ASSETCATALOG_COMPILER_APPICON_NAME = AppIcon;
				ASSETCATALOG_COMPILER_GLOBAL_ACCENT_COLOR_NAME = AccentColor;
				CODE_SIGN_STYLE = Automatic;
				CURRENT_PROJECT_VERSION = 1;
				DEVELOPMENT_ASSET_PATHS = "\"Taquilla/Preview Content\"";
				DEVELOPMENT_TEAM = 8HK4MPK2M3;
				ENABLE_PREVIEWS = YES;
				GENERATE_INFOPLIST_FILE = YES;
				INFOPLIST_FILE = Taquilla/Info.plist;
				INFOPLIST_KEY_UIApplicationSceneManifest_Generation = YES;
				INFOPLIST_KEY_UIApplicationSupportsIndirectInputEvents = YES;
				INFOPLIST_KEY_UILaunchScreen_Generation = YES;
				INFOPLIST_KEY_UISupportedInterfaceOrientations_iPad = "UIInterfaceOrientationPortrait UIInterfaceOrientationPortraitUpsideDown UIInterfaceOrientationLandscapeLeft UIInterfaceOrientationLandscapeRight";
				INFOPLIST_KEY_UISupportedInterfaceOrientations_iPhone = "UIInterfaceOrientationPortrait UIInterfaceOrientationLandscapeLeft UIInterfaceOrientationLandscapeRight";
				LD_RUNPATH_SEARCH_PATHS = (
					"$(inherited)",
					"@executable_path/Frameworks",
				);
				MARKETING_VERSION = 1.0;
				PRODUCT_BUNDLE_IDENTIFIER = com.taquilla.app;
				PRODUCT_NAME = "$(TARGET_NAME)";
				SWIFT_EMIT_LOC_STRINGS = YES;
				SWIFT_VERSION = 5.0;
				TARGETED_DEVICE_FAMILY = "1,2";
			};
			name = Release;
		};
/* End XCBuildConfiguration section */

/* Begin XCConfigurationList section */
		A1234567890123456789012AE /* Build configuration list for PBXNativeTarget "Taquilla" */ = {
			isa = XCConfigurationList;
			buildConfigurations = (
				A1234567890123456789012AL /* Debug */,
				A1234567890123456789012AM /* Release */,
			);
			defaultConfigurationIsVisible = 0;
			defaultConfigurationName = Release;
		};
		A1234567890123456789012AI /* Build configuration list for PBXProject "Taquilla" */ = {
			isa = XCConfigurationList;
			buildConfigurations = (
				A1234567890123456789012AJ /* Debug */,
				A1234567890123456789012AK /* Release */,
			);
			defaultConfigurationIsVisible = 0;
			defaultConfigurationName = Release;
		};
/* End XCConfigurationList section */
	};
	rootObject = A1234567890123456789012AH /* Project object */;
}
